# generated by rye
# use `rye lock` or `rye sync` to update this lockfile
#
# last locked with the following flags:
#   pre: false
#   features: []
#   all-features: false
#   with-sources: false
#   generate-hashes: false
#   universal: false

-e file:.
certifi==2022.12.7
    # via requests
charset-normalizer==2.1.1
    # via requests
colorama==0.4.6
    # via tqdm
filelock==3.13.1
    # via torch
fsspec==2024.2.0
    # via torch
idna==3.4
    # via requests
jinja2==3.1.3
    # via torch
jsonpatch==1.33
    # via visdom
jsonpointer==3.0.0
    # via jsonpatch
markupsafe==2.1.5
    # via jinja2
mpmath==1.3.0
    # via sympy
networkx==3.2.1
    # via torch
    # via visdom
numpy==1.26.3
    # via scipy
    # via torchvision
    # via visdom
pillow==10.2.0
    # via torchvision
    # via visdom
requests==2.28.1
    # via visdom
scipy==1.15.0
    # via visdom
six==1.17.0
    # via torchnet
    # via visdom
sympy==1.13.1
    # via torch
torch==2.5.1+cu118
    # via prototypical-networks
    # via torchnet
    # via torchvision
torchnet==0.0.4
    # via prototypical-networks
torchvision==0.20.1+cu118
    # via prototypical-networks
tornado==6.4.2
    # via visdom
tqdm==4.66.5
    # via prototypical-networks
typing-extensions==4.9.0
    # via torch
urllib3==1.26.13
    # via requests
visdom==0.2.4
    # via torchnet
websocket-client==1.8.0
    # via visdom
